
Microsoft Visual Studio Solution File, Format Version 12.00
# Visual Studio 15
VisualStudioVersion = 15.0.28307.489
MinimumVisualStudioVersion = 10.0.40219.1
Project("{888888A0-9F3D-457C-B088-3A5042F75D52}") = "生成对抗网络", "生成对抗网络\生成对抗网络.pyproj", "{E4CE5DD8-43CE-4B10-A05E-E97AE99E17C5}"
EndProject
Global
	GlobalSection(SolutionConfigurationPlatforms) = preSolution
		Debug|Any CPU = Debug|Any CPU
		Release|Any CPU = Release|Any CPU
	EndGlobalSection
	GlobalSection(ProjectConfigurationPlatforms) = postSolution
		{E4CE5DD8-43CE-4B10-A05E-E97AE99E17C5}.Debug|Any CPU.ActiveCfg = Debug|Any CPU
		{E4CE5DD8-43CE-4B10-A05E-E97AE99E17C5}.Release|Any CPU.ActiveCfg = Release|Any CPU
	EndGlobalSection
	GlobalSection(SolutionProperties) = preSolution
		HideSolutionNode = FALSE
	EndGlobalSection
	GlobalSection(ExtensibilityGlobals) = postSolution
		SolutionGuid = {991F46BC-BC37-4DA2-B446-5FF74340A1B2}
	EndGlobalSection
EndGlobal
