
Microsoft Visual Studio Solution File, Format Version 12.00
# Visual Studio 15
VisualStudioVersion = 15.0.28307.489
MinimumVisualStudioVersion = 10.0.40219.1
Project("{888888A0-9F3D-457C-B088-3A5042F75D52}") = "卷积神经网络分类mnist", "卷积神经网络分类mnist\卷积神经网络分类mnist.pyproj", "{8F8BB881-D263-46B6-82B2-2457C214E60C}"
EndProject
Global
	GlobalSection(SolutionConfigurationPlatforms) = preSolution
		Debug|Any CPU = Debug|Any CPU
		Release|Any CPU = Release|Any CPU
	EndGlobalSection
	GlobalSection(ProjectConfigurationPlatforms) = postSolution
		{8F8BB881-D263-46B6-82B2-2457C214E60C}.Debug|Any CPU.ActiveCfg = Debug|Any CPU
		{8F8BB881-D263-46B6-82B2-2457C214E60C}.Release|Any CPU.ActiveCfg = Release|Any CPU
	EndGlobalSection
	GlobalSection(SolutionProperties) = preSolution
		HideSolutionNode = FALSE
	EndGlobalSection
	GlobalSection(ExtensibilityGlobals) = postSolution
		SolutionGuid = {5720DE9D-725E-4387-A867-9C01352BE5A1}
	EndGlobalSection
EndGlobal
