
Microsoft Visual Studio Solution File, Format Version 12.00
# Visual Studio 15
VisualStudioVersion = 15.0.28307.489
MinimumVisualStudioVersion = 10.0.40219.1
Project("{888888A0-9F3D-457C-B088-3A5042F75D52}") = "多层感知机分类MNIST", "多层感知机分类MNIST\多层感知机分类MNIST.pyproj", "{E5AA7889-41C6-412D-83BB-9CD45652E719}"
EndProject
Global
	GlobalSection(SolutionConfigurationPlatforms) = preSolution
		Debug|Any CPU = Debug|Any CPU
		Release|Any CPU = Release|Any CPU
	EndGlobalSection
	GlobalSection(ProjectConfigurationPlatforms) = postSolution
		{E5AA7889-41C6-412D-83BB-9CD45652E719}.Debug|Any CPU.ActiveCfg = Debug|Any CPU
		{E5AA7889-41C6-412D-83BB-9CD45652E719}.Release|Any CPU.ActiveCfg = Release|Any CPU
	EndGlobalSection
	GlobalSection(SolutionProperties) = preSolution
		HideSolutionNode = FALSE
	EndGlobalSection
	GlobalSection(ExtensibilityGlobals) = postSolution
		SolutionGuid = {849B88D7-2081-4ADF-9F09-F5B4E23122A6}
	EndGlobalSection
EndGlobal
